{
  "object": {
    "pins": [
      {
        "package": "AltKit",
        "repositoryURL": "https://github.com/rileytestut/AltKit.git",
        "state": {
          "branch": "main",
          "revision": "23bee561948f7ede8c499a0bd2ba3a2ae1ba1112",
          "version": null
        }
      }
    ]
  },
  "version": 1
}
